
Microsoft Visual Studio Solution File, Format Version 12.00
# Visual Studio Version 17
VisualStudioVersion = 17.4.33110.190
MinimumVisualStudioVersion = 10.0.40219.1
Project("{FAE04EC0-301F-11D3-BF4B-00C04F79EFBC}") = "ProgettoAI.TicTacToe.Core", "ProgettoAI.TicTacToe.Core\ProgettoAI.TicTacToe.Core.csproj", "{548AD2D0-0574-4704-B5E3-75DD6C35FB9D}"
EndProject
Project("{FAE04EC0-301F-11D3-BF4B-00C04F79EFBC}") = "ProgettoAI.TicTacToe.FormApp", "ProgettoAI.TicTacToe.FormApp\ProgettoAI.TicTacToe.FormApp.csproj", "{923E8137-B57F-4273-90B3-125031133EF1}"
EndProject
Global
	GlobalSection(SolutionConfigurationPlatforms) = preSolution
		Debug|Any CPU = Debug|Any CPU
		Release|Any CPU = Release|Any CPU
	EndGlobalSection
	GlobalSection(ProjectConfigurationPlatforms) = postSolution
		{548AD2D0-0574-4704-B5E3-75DD6C35FB9D}.Debug|Any CPU.ActiveCfg = Debug|Any CPU
		{548AD2D0-0574-4704-B5E3-75DD6C35FB9D}.Debug|Any CPU.Build.0 = Debug|Any CPU
		{548AD2D0-0574-4704-B5E3-75DD6C35FB9D}.Release|Any CPU.ActiveCfg = Release|Any CPU
		{548AD2D0-0574-4704-B5E3-75DD6C35FB9D}.Release|Any CPU.Build.0 = Release|Any CPU
		{923E8137-B57F-4273-90B3-125031133EF1}.Debug|Any CPU.ActiveCfg = Debug|Any CPU
		{923E8137-B57F-4273-90B3-125031133EF1}.Debug|Any CPU.Build.0 = Debug|Any CPU
		{923E8137-B57F-4273-90B3-125031133EF1}.Release|Any CPU.ActiveCfg = Release|Any CPU
		{923E8137-B57F-4273-90B3-125031133EF1}.Release|Any CPU.Build.0 = Release|Any CPU
	EndGlobalSection
	GlobalSection(SolutionProperties) = preSolution
		HideSolutionNode = FALSE
	EndGlobalSection
	GlobalSection(ExtensibilityGlobals) = postSolution
		SolutionGuid = {DD59BA89-C25B-427E-A57E-B01920CB2436}
	EndGlobalSection
EndGlobal
